{
  "name": "pluto-indev",
  "version": "1.0.0",
  "lockfileVersion": 2,
  "requires": true,
  "packages": {
    "": {
      "name": "pluto-indev",
      "version": "1.0.0",
      "license": "ISC",
      "dependencies": {
        "@codemirror/lang-javascript": "^6.1.8",
        "@rollup/plugin-node-resolve": "^15.0.2",
        "codemirror": "^6.0.1",
        "rollup": "^3.23.0"
      }
    },
    "node_modules/@codemirror/autocomplete": {
      "version": "6.7.1",
      "resolved": "https://registry.npmjs.org/@codemirror/autocomplete/-/autocomplete-6.7.1.tgz",
      "integrity": "sha512-hSxf9S0uB+GV+gBsjY1FZNo53e1FFdzPceRfCfD1gWOnV6o21GfB5J5Wg9G/4h76XZMPrF0A6OCK/Rz5+V1egg==",
      "dependencies": {
        "@codemirror/language": "^6.0.0",
        "@codemirror/state": "^6.0.0",
        "@codemirror/view": "^6.6.0",
        "@lezer/common": "^1.0.0"
      },
      "peerDependencies": {
        "@codemirror/language": "^6.0.0",
        "@codemirror/state": "^6.0.0",
        "@codemirror/view": "^6.0.0",
        "@lezer/common": "^1.0.0"
      }
    },
    "node_modules/@codemirror/commands": {
      "version": "6.2.4",
      "resolved": "https://registry.npmjs.org/@codemirror/commands/-/commands-6.2.4.tgz",
      "integrity": "sha512-42lmDqVH0ttfilLShReLXsDfASKLXzfyC36bzwcqzox9PlHulMcsUOfHXNo2X2aFMVNUoQ7j+d4q5bnfseYoOA==",
      "dependencies": {
        "@codemirror/language": "^6.0.0",
        "@codemirror/state": "^6.2.0",
        "@codemirror/view": "^6.0.0",
        "@lezer/common": "^1.0.0"
      }
    },
    "node_modules/@codemirror/lang-javascript": {
      "version": "6.1.8",
      "resolved": "https://registry.npmjs.org/@codemirror/lang-javascript/-/lang-javascript-6.1.8.tgz",
      "integrity": "sha512-5cIA6IOkslTu1DtldcYnj7hsBm3p+cD37qSaKvW1kV16M6q9ysKvKrveCOWgbrj4+ilSWRL2JtSLudbeB158xg==",
      "dependencies": {
        "@codemirror/autocomplete": "^6.0.0",
        "@codemirror/language": "^6.6.0",
        "@codemirror/lint": "^6.0.0",
        "@codemirror/state": "^6.0.0",
        "@codemirror/view": "^6.0.0",
        "@lezer/common": "^1.0.0",
        "@lezer/javascript": "^1.0.0"
      }
    },
    "node_modules/@codemirror/language": {
      "version": "6.7.0",
      "resolved": "https://registry.npmjs.org/@codemirror/language/-/language-6.7.0.tgz",
      "integrity": "sha512-4SMwe6Fwn57klCUsVN0y4/h/iWT+XIXFEmop2lIHHuWO0ubjCrF3suqSZLyOQlznxkNnNbOOfKe5HQbQGCAmTg==",
      "dependencies": {
        "@codemirror/state": "^6.0.0",
        "@codemirror/view": "^6.0.0",
        "@lezer/common": "^1.0.0",
        "@lezer/highlight": "^1.0.0",
        "@lezer/lr": "^1.0.0",
        "style-mod": "^4.0.0"
      }
    },
    "node_modules/@codemirror/lint": {
      "version": "6.2.1",
      "resolved": "https://registry.npmjs.org/@codemirror/lint/-/lint-6.2.1.tgz",
      "integrity": "sha512-y1muai5U/uUPAGRyHMx9mHuHLypPcHWxzlZGknp/U5Mdb5Ol8Q5ZLp67UqyTbNFJJ3unVxZ8iX3g1fMN79S1JQ==",
      "dependencies": {
        "@codemirror/state": "^6.0.0",
        "@codemirror/view": "^6.0.0",
        "crelt": "^1.0.5"
      }
    },
    "node_modules/@codemirror/search": {
      "version": "6.4.0",
      "resolved": "https://registry.npmjs.org/@codemirror/search/-/search-6.4.0.tgz",
      "integrity": "sha512-zMDgaBXah+nMLK2dHz9GdCnGbQu+oaGRXS1qviqNZkvOCv/whp5XZFyoikLp/23PM9RBcbuKUUISUmQHM1eRHw==",
      "dependencies": {
        "@codemirror/state": "^6.0.0",
        "@codemirror/view": "^6.0.0",
        "crelt": "^1.0.5"
      }
    },
    "node_modules/@codemirror/state": {
      "version": "6.2.1",
      "resolved": "https://registry.npmjs.org/@codemirror/state/-/state-6.2.1.tgz",
      "integrity": "sha512-RupHSZ8+OjNT38zU9fKH2sv+Dnlr8Eb8sl4NOnnqz95mCFTZUaiRP8Xv5MeeaG0px2b8Bnfe7YGwCV3nsBhbuw=="
    },
    "node_modules/@codemirror/view": {
      "version": "6.12.0",
      "resolved": "https://registry.npmjs.org/@codemirror/view/-/view-6.12.0.tgz",
      "integrity": "sha512-xNHvbJBc2v8JuEcIGOck6EUGShpP+TYGCEMVEVQMYxbFXfMhYnoF3znxB/2GgeKR0nrxBs+nhBupiTYQqCp2kw==",
      "dependencies": {
        "@codemirror/state": "^6.1.4",
        "style-mod": "^4.0.0",
        "w3c-keyname": "^2.2.4"
      }
    },
    "node_modules/@lezer/common": {
      "version": "1.0.2",
      "resolved": "https://registry.npmjs.org/@lezer/common/-/common-1.0.2.tgz",
      "integrity": "sha512-SVgiGtMnMnW3ActR8SXgsDhw7a0w0ChHSYAyAUxxrOiJ1OqYWEKk/xJd84tTSPo1mo6DXLObAJALNnd0Hrv7Ng=="
    },
    "node_modules/@lezer/highlight": {
      "version": "1.1.6",
      "resolved": "https://registry.npmjs.org/@lezer/highlight/-/highlight-1.1.6.tgz",
      "integrity": "sha512-cmSJYa2us+r3SePpRCjN5ymCqCPv+zyXmDl0ciWtVaNiORT/MxM7ZgOMQZADD0o51qOaOg24qc/zBViOIwAjJg==",
      "dependencies": {
        "@lezer/common": "^1.0.0"
      }
    },
    "node_modules/@lezer/javascript": {
      "version": "1.4.3",
      "resolved": "https://registry.npmjs.org/@lezer/javascript/-/javascript-1.4.3.tgz",
      "integrity": "sha512-k7Eo9z9B1supZ5cCD4ilQv/RZVN30eUQL+gGbr6ybrEY3avBAL5MDiYi2aa23Aj0A79ry4rJRvPAwE2TM8bd+A==",
      "dependencies": {
        "@lezer/highlight": "^1.1.3",
        "@lezer/lr": "^1.3.0"
      }
    },
    "node_modules/@lezer/lr": {
      "version": "1.3.5",
      "resolved": "https://registry.npmjs.org/@lezer/lr/-/lr-1.3.5.tgz",
      "integrity": "sha512-Kye0rxYBi+OdToLUN2tQfeH5VIrpESC6XznuvxmIxbO1lz6M1C90vkjMNYoX1SfbUcuvoPXvLYsBquZ//77zVQ==",
      "dependencies": {
        "@lezer/common": "^1.0.0"
      }
    },
    "node_modules/@rollup/plugin-node-resolve": {
      "version": "15.0.2",
      "resolved": "https://registry.npmjs.org/@rollup/plugin-node-resolve/-/plugin-node-resolve-15.0.2.tgz",
      "integrity": "sha512-Y35fRGUjC3FaurG722uhUuG8YHOJRJQbI6/CkbRkdPotSpDj9NtIN85z1zrcyDcCQIW4qp5mgG72U+gJ0TAFEg==",
      "dependencies": {
        "@rollup/pluginutils": "^5.0.1",
        "@types/resolve": "1.20.2",
        "deepmerge": "^4.2.2",
        "is-builtin-module": "^3.2.1",
        "is-module": "^1.0.0",
        "resolve": "^1.22.1"
      },
      "engines": {
        "node": ">=14.0.0"
      },
      "peerDependencies": {
        "rollup": "^2.78.0||^3.0.0"
      },
      "peerDependenciesMeta": {
        "rollup": {
          "optional": true
        }
      }
    },
    "node_modules/@rollup/pluginutils": {
      "version": "5.0.2",
      "resolved": "https://registry.npmjs.org/@rollup/pluginutils/-/pluginutils-5.0.2.tgz",
      "integrity": "sha512-pTd9rIsP92h+B6wWwFbW8RkZv4hiR/xKsqre4SIuAOaOEQRxi0lqLke9k2/7WegC85GgUs9pjmOjCUi3In4vwA==",
      "dependencies": {
        "@types/estree": "^1.0.0",
        "estree-walker": "^2.0.2",
        "picomatch": "^2.3.1"
      },
      "engines": {
        "node": ">=14.0.0"
      },
      "peerDependencies": {
        "rollup": "^1.20.0||^2.0.0||^3.0.0"
      },
      "peerDependenciesMeta": {
        "rollup": {
          "optional": true
        }
      }
    },
    "node_modules/@types/estree": {
      "version": "1.0.1",
      "resolved": "https://registry.npmjs.org/@types/estree/-/estree-1.0.1.tgz",
      "integrity": "sha512-LG4opVs2ANWZ1TJoKc937iMmNstM/d0ae1vNbnBvBhqCSezgVUOzcLCqbI5elV8Vy6WKwKjaqR+zO9VKirBBCA=="
    },
    "node_modules/@types/resolve": {
      "version": "1.20.2",
      "resolved": "https://registry.npmjs.org/@types/resolve/-/resolve-1.20.2.tgz",
      "integrity": "sha512-60BCwRFOZCQhDncwQdxxeOEEkbc5dIMccYLwbxsS4TUNeVECQ/pBJ0j09mrHOl/JJvpRPGwO9SvE4nR2Nb/a4Q=="
    },
    "node_modules/builtin-modules": {
      "version": "3.3.0",
      "resolved": "https://registry.npmjs.org/builtin-modules/-/builtin-modules-3.3.0.tgz",
      "integrity": "sha512-zhaCDicdLuWN5UbN5IMnFqNMhNfo919sH85y2/ea+5Yg9TsTkeZxpL+JLbp6cgYFS4sRLp3YV4S6yDuqVWHYOw==",
      "engines": {
        "node": ">=6"
      },
      "funding": {
        "url": "https://github.com/sponsors/sindresorhus"
      }
    },
    "node_modules/codemirror": {
      "version": "6.0.1",
      "resolved": "https://registry.npmjs.org/codemirror/-/codemirror-6.0.1.tgz",
      "integrity": "sha512-J8j+nZ+CdWmIeFIGXEFbFPtpiYacFMDR8GlHK3IyHQJMCaVRfGx9NT+Hxivv1ckLWPvNdZqndbr/7lVhrf/Svg==",
      "dependencies": {
        "@codemirror/autocomplete": "^6.0.0",
        "@codemirror/commands": "^6.0.0",
        "@codemirror/language": "^6.0.0",
        "@codemirror/lint": "^6.0.0",
        "@codemirror/search": "^6.0.0",
        "@codemirror/state": "^6.0.0",
        "@codemirror/view": "^6.0.0"
      }
    },
    "node_modules/crelt": {
      "version": "1.0.6",
      "resolved": "https://registry.npmjs.org/crelt/-/crelt-1.0.6.tgz",
      "integrity": "sha512-VQ2MBenTq1fWZUH9DJNGti7kKv6EeAuYr3cLwxUWhIu1baTaXh4Ib5W2CqHVqib4/MqbYGJqiL3Zb8GJZr3l4g=="
    },
    "node_modules/deepmerge": {
      "version": "4.3.1",
      "resolved": "https://registry.npmjs.org/deepmerge/-/deepmerge-4.3.1.tgz",
      "integrity": "sha512-3sUqbMEc77XqpdNO7FRyRog+eW3ph+GYCbj+rK+uYyRMuwsVy0rMiVtPn+QJlKFvWP/1PYpapqYn0Me2knFn+A==",
      "engines": {
        "node": ">=0.10.0"
      }
    },
    "node_modules/estree-walker": {
      "version": "2.0.2",
      "resolved": "https://registry.npmjs.org/estree-walker/-/estree-walker-2.0.2.tgz",
      "integrity": "sha512-Rfkk/Mp/DL7JVje3u18FxFujQlTNR2q6QfMSMB7AvCBx91NGj/ba3kCfza0f6dVDbw7YlRf/nDrn7pQrCCyQ/w=="
    },
    "node_modules/fsevents": {
      "version": "2.3.2",
      "resolved": "https://registry.npmjs.org/fsevents/-/fsevents-2.3.2.tgz",
      "integrity": "sha512-xiqMQR4xAeHTuB9uWm+fFRcIOgKBMiOBP+eXiyT7jsgVCq1bkVygt00oASowB7EdtpOHaaPgKt812P9ab+DDKA==",
      "hasInstallScript": true,
      "optional": true,
      "os": [
        "darwin"
      ],
      "engines": {
        "node": "^8.16.0 || ^10.6.0 || >=11.0.0"
      }
    },
    "node_modules/function-bind": {
      "version": "1.1.1",
      "resolved": "https://registry.npmjs.org/function-bind/-/function-bind-1.1.1.tgz",
      "integrity": "sha512-yIovAzMX49sF8Yl58fSCWJ5svSLuaibPxXQJFLmBObTuCr0Mf1KiPopGM9NiFjiYBCbfaa2Fh6breQ6ANVTI0A=="
    },
    "node_modules/has": {
      "version": "1.0.3",
      "resolved": "https://registry.npmjs.org/has/-/has-1.0.3.tgz",
      "integrity": "sha512-f2dvO0VU6Oej7RkWJGrehjbzMAjFp5/VKPp5tTpWIV4JHHZK1/BxbFRtf/siA2SWTe09caDmVtYYzWEIbBS4zw==",
      "dependencies": {
        "function-bind": "^1.1.1"
      },
      "engines": {
        "node": ">= 0.4.0"
      }
    },
    "node_modules/is-builtin-module": {
      "version": "3.2.1",
      "resolved": "https://registry.npmjs.org/is-builtin-module/-/is-builtin-module-3.2.1.tgz",
      "integrity": "sha512-BSLE3HnV2syZ0FK0iMA/yUGplUeMmNz4AW5fnTunbCIqZi4vG3WjJT9FHMy5D69xmAYBHXQhJdALdpwVxV501A==",
      "dependencies": {
        "builtin-modules": "^3.3.0"
      },
      "engines": {
        "node": ">=6"
      },
      "funding": {
        "url": "https://github.com/sponsors/sindresorhus"
      }
    },
    "node_modules/is-core-module": {
      "version": "2.12.1",
      "resolved": "https://registry.npmjs.org/is-core-module/-/is-core-module-2.12.1.tgz",
      "integrity": "sha512-Q4ZuBAe2FUsKtyQJoQHlvP8OvBERxO3jEmy1I7hcRXcJBGGHFh/aJBswbXuS9sgrDH2QUO8ilkwNPHvHMd8clg==",
      "dependencies": {
        "has": "^1.0.3"
      },
      "funding": {
        "url": "https://github.com/sponsors/ljharb"
      }
    },
    "node_modules/is-module": {
      "version": "1.0.0",
      "resolved": "https://registry.npmjs.org/is-module/-/is-module-1.0.0.tgz",
      "integrity": "sha512-51ypPSPCoTEIN9dy5Oy+h4pShgJmPCygKfyRCISBI+JoWT/2oJvK8QPxmwv7b/p239jXrm9M1mlQbyKJ5A152g=="
    },
    "node_modules/path-parse": {
      "version": "1.0.7",
      "resolved": "https://registry.npmjs.org/path-parse/-/path-parse-1.0.7.tgz",
      "integrity": "sha512-LDJzPVEEEPR+y48z93A0Ed0yXb8pAByGWo/k5YYdYgpY2/2EsOsksJrq7lOHxryrVOn1ejG6oAp8ahvOIQD8sw=="
    },
    "node_modules/picomatch": {
      "version": "2.3.1",
      "resolved": "https://registry.npmjs.org/picomatch/-/picomatch-2.3.1.tgz",
      "integrity": "sha512-JU3teHTNjmE2VCGFzuY8EXzCDVwEqB2a8fsIvwaStHhAWJEeVd1o1QD80CU6+ZdEXXSLbSsuLwJjkCBWqRQUVA==",
      "engines": {
        "node": ">=8.6"
      },
      "funding": {
        "url": "https://github.com/sponsors/jonschlinkert"
      }
    },
    "node_modules/resolve": {
      "version": "1.22.2",
      "resolved": "https://registry.npmjs.org/resolve/-/resolve-1.22.2.tgz",
      "integrity": "sha512-Sb+mjNHOULsBv818T40qSPeRiuWLyaGMa5ewydRLFimneixmVy2zdivRl+AF6jaYPC8ERxGDmFSiqui6SfPd+g==",
      "dependencies": {
        "is-core-module": "^2.11.0",
        "path-parse": "^1.0.7",
        "supports-preserve-symlinks-flag": "^1.0.0"
      },
      "bin": {
        "resolve": "bin/resolve"
      },
      "funding": {
        "url": "https://github.com/sponsors/ljharb"
      }
    },
    "node_modules/rollup": {
      "version": "3.23.0",
      "resolved": "https://registry.npmjs.org/rollup/-/rollup-3.23.0.tgz",
      "integrity": "sha512-h31UlwEi7FHihLe1zbk+3Q7z1k/84rb9BSwmBSr/XjOCEaBJ2YyedQDuM0t/kfOS0IxM+vk1/zI9XxYj9V+NJQ==",
      "bin": {
        "rollup": "dist/bin/rollup"
      },
      "engines": {
        "node": ">=14.18.0",
        "npm": ">=8.0.0"
      },
      "optionalDependencies": {
        "fsevents": "~2.3.2"
      }
    },
    "node_modules/style-mod": {
      "version": "4.0.3",
      "resolved": "https://registry.npmjs.org/style-mod/-/style-mod-4.0.3.tgz",
      "integrity": "sha512-78Jv8kYJdjbvRwwijtCevYADfsI0lGzYJe4mMFdceO8l75DFFDoqBhR1jVDicDRRaX4//g1u9wKeo+ztc2h1Rw=="
    },
    "node_modules/supports-preserve-symlinks-flag": {
      "version": "1.0.0",
      "resolved": "https://registry.npmjs.org/supports-preserve-symlinks-flag/-/supports-preserve-symlinks-flag-1.0.0.tgz",
      "integrity": "sha512-ot0WnXS9fgdkgIcePe6RHNk1WA8+muPa6cSjeR3V8K27q9BB1rTE3R1p7Hv0z1ZyAc8s6Vvv8DIyWf681MAt0w==",
      "engines": {
        "node": ">= 0.4"
      },
      "funding": {
        "url": "https://github.com/sponsors/ljharb"
      }
    },
    "node_modules/w3c-keyname": {
      "version": "2.2.7",
      "resolved": "https://registry.npmjs.org/w3c-keyname/-/w3c-keyname-2.2.7.tgz",
      "integrity": "sha512-XB8aa62d4rrVfoZYQaYNy3fy+z4nrfy2ooea3/0BnBzXW0tSdZ+lRgjzBZhk0La0H6h8fVyYCxx/qkQcAIuvfg=="
    }
  },
  "dependencies": {
    "@codemirror/autocomplete": {
      "version": "6.7.1",
      "resolved": "https://registry.npmjs.org/@codemirror/autocomplete/-/autocomplete-6.7.1.tgz",
      "integrity": "sha512-hSxf9S0uB+GV+gBsjY1FZNo53e1FFdzPceRfCfD1gWOnV6o21GfB5J5Wg9G/4h76XZMPrF0A6OCK/Rz5+V1egg==",
      "requires": {
        "@codemirror/language": "^6.0.0",
        "@codemirror/state": "^6.0.0",
        "@codemirror/view": "^6.6.0",
        "@lezer/common": "^1.0.0"
      }
    },
    "@codemirror/commands": {
      "version": "6.2.4",
      "resolved": "https://registry.npmjs.org/@codemirror/commands/-/commands-6.2.4.tgz",
      "integrity": "sha512-42lmDqVH0ttfilLShReLXsDfASKLXzfyC36bzwcqzox9PlHulMcsUOfHXNo2X2aFMVNUoQ7j+d4q5bnfseYoOA==",
      "requires": {
        "@codemirror/language": "^6.0.0",
        "@codemirror/state": "^6.2.0",
        "@codemirror/view": "^6.0.0",
        "@lezer/common": "^1.0.0"
      }
    },
    "@codemirror/lang-javascript": {
      "version": "6.1.8",
      "resolved": "https://registry.npmjs.org/@codemirror/lang-javascript/-/lang-javascript-6.1.8.tgz",
      "integrity": "sha512-5cIA6IOkslTu1DtldcYnj7hsBm3p+cD37qSaKvW1kV16M6q9ysKvKrveCOWgbrj4+ilSWRL2JtSLudbeB158xg==",
      "requires": {
        "@codemirror/autocomplete": "^6.0.0",
        "@codemirror/language": "^6.6.0",
        "@codemirror/lint": "^6.0.0",
        "@codemirror/state": "^6.0.0",
        "@codemirror/view": "^6.0.0",
        "@lezer/common": "^1.0.0",
        "@lezer/javascript": "^1.0.0"
      }
    },
    "@codemirror/language": {
      "version": "6.7.0",
      "resolved": "https://registry.npmjs.org/@codemirror/language/-/language-6.7.0.tgz",
      "integrity": "sha512-4SMwe6Fwn57klCUsVN0y4/h/iWT+XIXFEmop2lIHHuWO0ubjCrF3suqSZLyOQlznxkNnNbOOfKe5HQbQGCAmTg==",
      "requires": {
        "@codemirror/state": "^6.0.0",
        "@codemirror/view": "^6.0.0",
        "@lezer/common": "^1.0.0",
        "@lezer/highlight": "^1.0.0",
        "@lezer/lr": "^1.0.0",
        "style-mod": "^4.0.0"
      }
    },
    "@codemirror/lint": {
      "version": "6.2.1",
      "resolved": "https://registry.npmjs.org/@codemirror/lint/-/lint-6.2.1.tgz",
      "integrity": "sha512-y1muai5U/uUPAGRyHMx9mHuHLypPcHWxzlZGknp/U5Mdb5Ol8Q5ZLp67UqyTbNFJJ3unVxZ8iX3g1fMN79S1JQ==",
      "requires": {
        "@codemirror/state": "^6.0.0",
        "@codemirror/view": "^6.0.0",
        "crelt": "^1.0.5"
      }
    },
    "@codemirror/search": {
      "version": "6.4.0",
      "resolved": "https://registry.npmjs.org/@codemirror/search/-/search-6.4.0.tgz",
      "integrity": "sha512-zMDgaBXah+nMLK2dHz9GdCnGbQu+oaGRXS1qviqNZkvOCv/whp5XZFyoikLp/23PM9RBcbuKUUISUmQHM1eRHw==",
      "requires": {
        "@codemirror/state": "^6.0.0",
        "@codemirror/view": "^6.0.0",
        "crelt": "^1.0.5"
      }
    },
    "@codemirror/state": {
      "version": "6.2.1",
      "resolved": "https://registry.npmjs.org/@codemirror/state/-/state-6.2.1.tgz",
      "integrity": "sha512-RupHSZ8+OjNT38zU9fKH2sv+Dnlr8Eb8sl4NOnnqz95mCFTZUaiRP8Xv5MeeaG0px2b8Bnfe7YGwCV3nsBhbuw=="
    },
    "@codemirror/view": {
      "version": "6.12.0",
      "resolved": "https://registry.npmjs.org/@codemirror/view/-/view-6.12.0.tgz",
      "integrity": "sha512-xNHvbJBc2v8JuEcIGOck6EUGShpP+TYGCEMVEVQMYxbFXfMhYnoF3znxB/2GgeKR0nrxBs+nhBupiTYQqCp2kw==",
      "requires": {
        "@codemirror/state": "^6.1.4",
        "style-mod": "^4.0.0",
        "w3c-keyname": "^2.2.4"
      }
    },
    "@lezer/common": {
      "version": "1.0.2",
      "resolved": "https://registry.npmjs.org/@lezer/common/-/common-1.0.2.tgz",
      "integrity": "sha512-SVgiGtMnMnW3ActR8SXgsDhw7a0w0ChHSYAyAUxxrOiJ1OqYWEKk/xJd84tTSPo1mo6DXLObAJALNnd0Hrv7Ng=="
    },
    "@lezer/highlight": {
      "version": "1.1.6",
      "resolved": "https://registry.npmjs.org/@lezer/highlight/-/highlight-1.1.6.tgz",
      "integrity": "sha512-cmSJYa2us+r3SePpRCjN5ymCqCPv+zyXmDl0ciWtVaNiORT/MxM7ZgOMQZADD0o51qOaOg24qc/zBViOIwAjJg==",
      "requires": {
        "@lezer/common": "^1.0.0"
      }
    },
    "@lezer/javascript": {
      "version": "1.4.3",
      "resolved": "https://registry.npmjs.org/@lezer/javascript/-/javascript-1.4.3.tgz",
      "integrity": "sha512-k7Eo9z9B1supZ5cCD4ilQv/RZVN30eUQL+gGbr6ybrEY3avBAL5MDiYi2aa23Aj0A79ry4rJRvPAwE2TM8bd+A==",
      "requires": {
        "@lezer/highlight": "^1.1.3",
        "@lezer/lr": "^1.3.0"
      }
    },
    "@lezer/lr": {
      "version": "1.3.5",
      "resolved": "https://registry.npmjs.org/@lezer/lr/-/lr-1.3.5.tgz",
      "integrity": "sha512-Kye0rxYBi+OdToLUN2tQfeH5VIrpESC6XznuvxmIxbO1lz6M1C90vkjMNYoX1SfbUcuvoPXvLYsBquZ//77zVQ==",
      "requires": {
        "@lezer/common": "^1.0.0"
      }
    },
    "@rollup/plugin-node-resolve": {
      "version": "15.0.2",
      "resolved": "https://registry.npmjs.org/@rollup/plugin-node-resolve/-/plugin-node-resolve-15.0.2.tgz",
      "integrity": "sha512-Y35fRGUjC3FaurG722uhUuG8YHOJRJQbI6/CkbRkdPotSpDj9NtIN85z1zrcyDcCQIW4qp5mgG72U+gJ0TAFEg==",
      "requires": {
        "@rollup/pluginutils": "^5.0.1",
        "@types/resolve": "1.20.2",
        "deepmerge": "^4.2.2",
        "is-builtin-module": "^3.2.1",
        "is-module": "^1.0.0",
        "resolve": "^1.22.1"
      }
    },
    "@rollup/pluginutils": {
      "version": "5.0.2",
      "resolved": "https://registry.npmjs.org/@rollup/pluginutils/-/pluginutils-5.0.2.tgz",
      "integrity": "sha512-pTd9rIsP92h+B6wWwFbW8RkZv4hiR/xKsqre4SIuAOaOEQRxi0lqLke9k2/7WegC85GgUs9pjmOjCUi3In4vwA==",
      "requires": {
        "@types/estree": "^1.0.0",
        "estree-walker": "^2.0.2",
        "picomatch": "^2.3.1"
      }
    },
    "@types/estree": {
      "version": "1.0.1",
      "resolved": "https://registry.npmjs.org/@types/estree/-/estree-1.0.1.tgz",
      "integrity": "sha512-LG4opVs2ANWZ1TJoKc937iMmNstM/d0ae1vNbnBvBhqCSezgVUOzcLCqbI5elV8Vy6WKwKjaqR+zO9VKirBBCA=="
    },
    "@types/resolve": {
      "version": "1.20.2",
      "resolved": "https://registry.npmjs.org/@types/resolve/-/resolve-1.20.2.tgz",
      "integrity": "sha512-60BCwRFOZCQhDncwQdxxeOEEkbc5dIMccYLwbxsS4TUNeVECQ/pBJ0j09mrHOl/JJvpRPGwO9SvE4nR2Nb/a4Q=="
    },
    "builtin-modules": {
      "version": "3.3.0",
      "resolved": "https://registry.npmjs.org/builtin-modules/-/builtin-modules-3.3.0.tgz",
      "integrity": "sha512-zhaCDicdLuWN5UbN5IMnFqNMhNfo919sH85y2/ea+5Yg9TsTkeZxpL+JLbp6cgYFS4sRLp3YV4S6yDuqVWHYOw=="
    },
    "codemirror": {
      "version": "6.0.1",
      "resolved": "https://registry.npmjs.org/codemirror/-/codemirror-6.0.1.tgz",
      "integrity": "sha512-J8j+nZ+CdWmIeFIGXEFbFPtpiYacFMDR8GlHK3IyHQJMCaVRfGx9NT+Hxivv1ckLWPvNdZqndbr/7lVhrf/Svg==",
      "requires": {
        "@codemirror/autocomplete": "^6.0.0",
        "@codemirror/commands": "^6.0.0",
        "@codemirror/language": "^6.0.0",
        "@codemirror/lint": "^6.0.0",
        "@codemirror/search": "^6.0.0",
        "@codemirror/state": "^6.0.0",
        "@codemirror/view": "^6.0.0"
      }
    },
    "crelt": {
      "version": "1.0.6",
      "resolved": "https://registry.npmjs.org/crelt/-/crelt-1.0.6.tgz",
      "integrity": "sha512-VQ2MBenTq1fWZUH9DJNGti7kKv6EeAuYr3cLwxUWhIu1baTaXh4Ib5W2CqHVqib4/MqbYGJqiL3Zb8GJZr3l4g=="
    },
    "deepmerge": {
      "version": "4.3.1",
      "resolved": "https://registry.npmjs.org/deepmerge/-/deepmerge-4.3.1.tgz",
      "integrity": "sha512-3sUqbMEc77XqpdNO7FRyRog+eW3ph+GYCbj+rK+uYyRMuwsVy0rMiVtPn+QJlKFvWP/1PYpapqYn0Me2knFn+A=="
    },
    "estree-walker": {
      "version": "2.0.2",
      "resolved": "https://registry.npmjs.org/estree-walker/-/estree-walker-2.0.2.tgz",
      "integrity": "sha512-Rfkk/Mp/DL7JVje3u18FxFujQlTNR2q6QfMSMB7AvCBx91NGj/ba3kCfza0f6dVDbw7YlRf/nDrn7pQrCCyQ/w=="
    },
    "fsevents": {
      "version": "2.3.2",
      "resolved": "https://registry.npmjs.org/fsevents/-/fsevents-2.3.2.tgz",
      "integrity": "sha512-xiqMQR4xAeHTuB9uWm+fFRcIOgKBMiOBP+eXiyT7jsgVCq1bkVygt00oASowB7EdtpOHaaPgKt812P9ab+DDKA==",
      "optional": true
    },
    "function-bind": {
      "version": "1.1.1",
      "resolved": "https://registry.npmjs.org/function-bind/-/function-bind-1.1.1.tgz",
      "integrity": "sha512-yIovAzMX49sF8Yl58fSCWJ5svSLuaibPxXQJFLmBObTuCr0Mf1KiPopGM9NiFjiYBCbfaa2Fh6breQ6ANVTI0A=="
    },
    "has": {
      "version": "1.0.3",
      "resolved": "https://registry.npmjs.org/has/-/has-1.0.3.tgz",
      "integrity": "sha512-f2dvO0VU6Oej7RkWJGrehjbzMAjFp5/VKPp5tTpWIV4JHHZK1/BxbFRtf/siA2SWTe09caDmVtYYzWEIbBS4zw==",
      "requires": {
        "function-bind": "^1.1.1"
      }
    },
    "is-builtin-module": {
      "version": "3.2.1",
      "resolved": "https://registry.npmjs.org/is-builtin-module/-/is-builtin-module-3.2.1.tgz",
      "integrity": "sha512-BSLE3HnV2syZ0FK0iMA/yUGplUeMmNz4AW5fnTunbCIqZi4vG3WjJT9FHMy5D69xmAYBHXQhJdALdpwVxV501A==",
      "requires": {
        "builtin-modules": "^3.3.0"
      }
    },
    "is-core-module": {
      "version": "2.12.1",
      "resolved": "https://registry.npmjs.org/is-core-module/-/is-core-module-2.12.1.tgz",
      "integrity": "sha512-Q4ZuBAe2FUsKtyQJoQHlvP8OvBERxO3jEmy1I7hcRXcJBGGHFh/aJBswbXuS9sgrDH2QUO8ilkwNPHvHMd8clg==",
      "requires": {
        "has": "^1.0.3"
      }
    },
    "is-module": {
      "version": "1.0.0",
      "resolved": "https://registry.npmjs.org/is-module/-/is-module-1.0.0.tgz",
      "integrity": "sha512-51ypPSPCoTEIN9dy5Oy+h4pShgJmPCygKfyRCISBI+JoWT/2oJvK8QPxmwv7b/p239jXrm9M1mlQbyKJ5A152g=="
    },
    "path-parse": {
      "version": "1.0.7",
      "resolved": "https://registry.npmjs.org/path-parse/-/path-parse-1.0.7.tgz",
      "integrity": "sha512-LDJzPVEEEPR+y48z93A0Ed0yXb8pAByGWo/k5YYdYgpY2/2EsOsksJrq7lOHxryrVOn1ejG6oAp8ahvOIQD8sw=="
    },
    "picomatch": {
      "version": "2.3.1",
      "resolved": "https://registry.npmjs.org/picomatch/-/picomatch-2.3.1.tgz",
      "integrity": "sha512-JU3teHTNjmE2VCGFzuY8EXzCDVwEqB2a8fsIvwaStHhAWJEeVd1o1QD80CU6+ZdEXXSLbSsuLwJjkCBWqRQUVA=="
    },
    "resolve": {
      "version": "1.22.2",
      "resolved": "https://registry.npmjs.org/resolve/-/resolve-1.22.2.tgz",
      "integrity": "sha512-Sb+mjNHOULsBv818T40qSPeRiuWLyaGMa5ewydRLFimneixmVy2zdivRl+AF6jaYPC8ERxGDmFSiqui6SfPd+g==",
      "requires": {
        "is-core-module": "^2.11.0",
        "path-parse": "^1.0.7",
        "supports-preserve-symlinks-flag": "^1.0.0"
      }
    },
    "rollup": {
      "version": "3.23.0",
      "resolved": "https://registry.npmjs.org/rollup/-/rollup-3.23.0.tgz",
      "integrity": "sha512-h31UlwEi7FHihLe1zbk+3Q7z1k/84rb9BSwmBSr/XjOCEaBJ2YyedQDuM0t/kfOS0IxM+vk1/zI9XxYj9V+NJQ==",
      "requires": {
        "fsevents": "~2.3.2"
      }
    },
    "style-mod": {
      "version": "4.0.3",
      "resolved": "https://registry.npmjs.org/style-mod/-/style-mod-4.0.3.tgz",
      "integrity": "sha512-78Jv8kYJdjbvRwwijtCevYADfsI0lGzYJe4mMFdceO8l75DFFDoqBhR1jVDicDRRaX4//g1u9wKeo+ztc2h1Rw=="
    },
    "supports-preserve-symlinks-flag": {
      "version": "1.0.0",
      "resolved": "https://registry.npmjs.org/supports-preserve-symlinks-flag/-/supports-preserve-symlinks-flag-1.0.0.tgz",
      "integrity": "sha512-ot0WnXS9fgdkgIcePe6RHNk1WA8+muPa6cSjeR3V8K27q9BB1rTE3R1p7Hv0z1ZyAc8s6Vvv8DIyWf681MAt0w=="
    },
    "w3c-keyname": {
      "version": "2.2.7",
      "resolved": "https://registry.npmjs.org/w3c-keyname/-/w3c-keyname-2.2.7.tgz",
      "integrity": "sha512-XB8aa62d4rrVfoZYQaYNy3fy+z4nrfy2ooea3/0BnBzXW0tSdZ+lRgjzBZhk0La0H6h8fVyYCxx/qkQcAIuvfg=="
    }
  }
}
